
Microsoft Visual Studio Solution File, Format Version 12.00
# Visual Studio 2013
VisualStudioVersion = 12.0.31101.0
MinimumVisualStudioVersion = 10.0.40219.1
Project("{FAE04EC0-301F-11D3-BF4B-00C04F79EFBC}") = "PlantaEnsambladoCoches", "PlantaEnsambladoCoches\PlantaEnsambladoCoches.csproj", "{93B11D6F-E4F0-4FC4-B279-0BBCA0504607}"
EndProject
Project("{FAE04EC0-301F-11D3-BF4B-00C04F79EFBC}") = "Shared", "Shared\Shared.csproj", "{52F82A42-3D57-45EF-9812-4472FA375849}"
EndProject
Project("{FAE04EC0-301F-11D3-BF4B-00C04F79EFBC}") = "Business", "Business\Business.csproj", "{A21EC561-6672-4A7F-AB14-93485C1C016F}"
EndProject
Project("{FAE04EC0-301F-11D3-BF4B-00C04F79EFBC}") = "Test.Unitarios", "Test.Unitarios\Test.Unitarios.csproj", "{B9CF47E1-C871-4D67-BCD1-67C2B07F5A8B}"
EndProject
Project("{FAE04EC0-301F-11D3-BF4B-00C04F79EFBC}") = "Test.Integracion", "Test.Integracion\Test.Integracion.csproj", "{B1BB7018-5097-44BA-A9A0-E7BF23EA19B6}"
EndProject
Global
	GlobalSection(SolutionConfigurationPlatforms) = preSolution
		Debug|Any CPU = Debug|Any CPU
		Release|Any CPU = Release|Any CPU
	EndGlobalSection
	GlobalSection(ProjectConfigurationPlatforms) = postSolution
		{93B11D6F-E4F0-4FC4-B279-0BBCA0504607}.Debug|Any CPU.ActiveCfg = Debug|Any CPU
		{93B11D6F-E4F0-4FC4-B279-0BBCA0504607}.Debug|Any CPU.Build.0 = Debug|Any CPU
		{93B11D6F-E4F0-4FC4-B279-0BBCA0504607}.Release|Any CPU.ActiveCfg = Release|Any CPU
		{93B11D6F-E4F0-4FC4-B279-0BBCA0504607}.Release|Any CPU.Build.0 = Release|Any CPU
		{52F82A42-3D57-45EF-9812-4472FA375849}.Debug|Any CPU.ActiveCfg = Debug|Any CPU
		{52F82A42-3D57-45EF-9812-4472FA375849}.Debug|Any CPU.Build.0 = Debug|Any CPU
		{52F82A42-3D57-45EF-9812-4472FA375849}.Release|Any CPU.ActiveCfg = Release|Any CPU
		{52F82A42-3D57-45EF-9812-4472FA375849}.Release|Any CPU.Build.0 = Release|Any CPU
		{A21EC561-6672-4A7F-AB14-93485C1C016F}.Debug|Any CPU.ActiveCfg = Debug|Any CPU
		{A21EC561-6672-4A7F-AB14-93485C1C016F}.Debug|Any CPU.Build.0 = Debug|Any CPU
		{A21EC561-6672-4A7F-AB14-93485C1C016F}.Release|Any CPU.ActiveCfg = Release|Any CPU
		{A21EC561-6672-4A7F-AB14-93485C1C016F}.Release|Any CPU.Build.0 = Release|Any CPU
		{B9CF47E1-C871-4D67-BCD1-67C2B07F5A8B}.Debug|Any CPU.ActiveCfg = Debug|Any CPU
		{B9CF47E1-C871-4D67-BCD1-67C2B07F5A8B}.Debug|Any CPU.Build.0 = Debug|Any CPU
		{B9CF47E1-C871-4D67-BCD1-67C2B07F5A8B}.Release|Any CPU.ActiveCfg = Release|Any CPU
		{B9CF47E1-C871-4D67-BCD1-67C2B07F5A8B}.Release|Any CPU.Build.0 = Release|Any CPU
		{B1BB7018-5097-44BA-A9A0-E7BF23EA19B6}.Debug|Any CPU.ActiveCfg = Debug|Any CPU
		{B1BB7018-5097-44BA-A9A0-E7BF23EA19B6}.Debug|Any CPU.Build.0 = Debug|Any CPU
		{B1BB7018-5097-44BA-A9A0-E7BF23EA19B6}.Release|Any CPU.ActiveCfg = Release|Any CPU
		{B1BB7018-5097-44BA-A9A0-E7BF23EA19B6}.Release|Any CPU.Build.0 = Release|Any CPU
	EndGlobalSection
	GlobalSection(SolutionProperties) = preSolution
		HideSolutionNode = FALSE
	EndGlobalSection
EndGlobal
